
Microsoft Visual Studio Solution File, Format Version 12.00
# Visual Studio Version 16
VisualStudioVersion = 16.0.29926.136
MinimumVisualStudioVersion = 10.0.40219.1
Project("{9A19103F-16F7-4668-BE54-9A1E7A4F7556}") = "CountryProject", "WebApplication2\CountryProject.csproj", "{4184AE53-5DD0-4740-B274-D42DE84D7E32}"
EndProject
Global
	GlobalSection(SolutionConfigurationPlatforms) = preSolution
		Debug|Any CPU = Debug|Any CPU
		Release|Any CPU = Release|Any CPU
	EndGlobalSection
	GlobalSection(ProjectConfigurationPlatforms) = postSolution
		{4184AE53-5DD0-4740-B274-D42DE84D7E32}.Debug|Any CPU.ActiveCfg = Debug|Any CPU
		{4184AE53-5DD0-4740-B274-D42DE84D7E32}.Debug|Any CPU.Build.0 = Debug|Any CPU
		{4184AE53-5DD0-4740-B274-D42DE84D7E32}.Release|Any CPU.ActiveCfg = Release|Any CPU
		{4184AE53-5DD0-4740-B274-D42DE84D7E32}.Release|Any CPU.Build.0 = Release|Any CPU
	EndGlobalSection
	GlobalSection(SolutionProperties) = preSolution
		HideSolutionNode = FALSE
	EndGlobalSection
	GlobalSection(ExtensibilityGlobals) = postSolution
		SolutionGuid = {D492C69A-3443-458A-896E-491598B2F5E5}
	EndGlobalSection
EndGlobal
